// !$*UTF8*$!
{
	archiveVersion = 1;
	classes = {
	};
	objectVersion = 50;
	objects = {

/* Begin PBXBuildFile section */
		34928BF181917F7DDAA502AD /* libPods-ExpensifyCodingTest.a in Frameworks */ = {isa = PBXBuildFile; fileRef = 1690ABC6D5BE945AC2A64782 /* libPods-ExpensifyCodingTest.a */; };
		A3AD224477E259DAE8849330 /* libPods-ExpensifyCodingTestTests.a in Frameworks */ = {isa = PBXBuildFile; fileRef = A18260D395D454A82EE1BB2E /* libPods-ExpensifyCodingTestTests.a */; };
		FC0EB6D022A802F400BFAFC2 /* InitConfigurable.swift in Sources */ = {isa = PBXBuildFile; fileRef = FC0EB6CE22A802F400BFAFC2 /* InitConfigurable.swift */; };
		FC0EB6D122A802F400BFAFC2 /* Reusable.swift in Sources */ = {isa = PBXBuildFile; fileRef = FC0EB6CF22A802F400BFAFC2 /* Reusable.swift */; };
		FC0EB6D322A8056600BFAFC2 /* AddableAndRemovable.swift in Sources */ = {isa = PBXBuildFile; fileRef = FC0EB6D222A8056500BFAFC2 /* AddableAndRemovable.swift */; };
		FC0EB6D522A8102A00BFAFC2 /* RESTComponent.swift in Sources */ = {isa = PBXBuildFile; fileRef = FC0EB6D422A8102A00BFAFC2 /* RESTComponent.swift */; };
		FC0EB6D722A8117600BFAFC2 /* URLProducer.swift in Sources */ = {isa = PBXBuildFile; fileRef = FC0EB6D622A8117600BFAFC2 /* URLProducer.swift */; };
		FC0EB6D922A8119900BFAFC2 /* EndPoint.swift in Sources */ = {isa = PBXBuildFile; fileRef = FC0EB6D822A8119900BFAFC2 /* EndPoint.swift */; };
		FC0EB6DD22A81A0100BFAFC2 /* Constants.swift in Sources */ = {isa = PBXBuildFile; fileRef = FC0EB6DC22A81A0100BFAFC2 /* Constants.swift */; };
		FC0EB6DF22A8210C00BFAFC2 /* String+OrEmpty.swift in Sources */ = {isa = PBXBuildFile; fileRef = FC0EB6DE22A8210C00BFAFC2 /* String+OrEmpty.swift */; };
		FC0EB6E122A8270800BFAFC2 /* Int+Ext.swift in Sources */ = {isa = PBXBuildFile; fileRef = FC0EB6E022A8270800BFAFC2 /* Int+Ext.swift */; };
		FC0EB6E322A83AA400BFAFC2 /* NetworkRouter.swift in Sources */ = {isa = PBXBuildFile; fileRef = FC0EB6E222A83AA400BFAFC2 /* NetworkRouter.swift */; };
		FC0EB6E522A83BAD00BFAFC2 /* Router.swift in Sources */ = {isa = PBXBuildFile; fileRef = FC0EB6E422A83BAD00BFAFC2 /* Router.swift */; };
		FC0EB6E922A84A8700BFAFC2 /* HTTPMethod.swift in Sources */ = {isa = PBXBuildFile; fileRef = FC0EB6E822A84A8700BFAFC2 /* HTTPMethod.swift */; };
		FC0EB6EB22A84D5E00BFAFC2 /* NetworkError.swift in Sources */ = {isa = PBXBuildFile; fileRef = FC0EB6EA22A84D5E00BFAFC2 /* NetworkError.swift */; };
		FC0EB6F022A84F1900BFAFC2 /* TransactionPayload.swift in Sources */ = {isa = PBXBuildFile; fileRef = FC0EB6EF22A84F1900BFAFC2 /* TransactionPayload.swift */; };
		FC0EB6F222A84F5F00BFAFC2 /* SignInViewCoordinator.swift in Sources */ = {isa = PBXBuildFile; fileRef = FC0EB6F122A84F5F00BFAFC2 /* SignInViewCoordinator.swift */; };
		FC55F79922A9A6140066D3E5 /* CreateTransactionViewController.swift in Sources */ = {isa = PBXBuildFile; fileRef = FC55F78E22A9A6140066D3E5 /* CreateTransactionViewController.swift */; };
		FC55F79A22A9A6140066D3E5 /* CreateTransactionViewCoordinator.swift in Sources */ = {isa = PBXBuildFile; fileRef = FC55F78F22A9A6140066D3E5 /* CreateTransactionViewCoordinator.swift */; };
		FC55F79F22A9A6140066D3E5 /* TransactionListTableViewCell.swift in Sources */ = {isa = PBXBuildFile; fileRef = FC55F79522A9A6140066D3E5 /* TransactionListTableViewCell.swift */; };
		FC55F7A022A9A6140066D3E5 /* TransactionListViewCoorinator.swift in Sources */ = {isa = PBXBuildFile; fileRef = FC55F79622A9A6140066D3E5 /* TransactionListViewCoorinator.swift */; };
		FC55F7A122A9A6140066D3E5 /* TransactionListDatasource.swift in Sources */ = {isa = PBXBuildFile; fileRef = FC55F79722A9A6140066D3E5 /* TransactionListDatasource.swift */; };
		FC55F7A222A9A6140066D3E5 /* TransactionListViewController.swift in Sources */ = {isa = PBXBuildFile; fileRef = FC55F79822A9A6140066D3E5 /* TransactionListViewController.swift */; };
		FC55F7A422A9C2170066D3E5 /* TransactionParams.swift in Sources */ = {isa = PBXBuildFile; fileRef = FC55F7A322A9C2170066D3E5 /* TransactionParams.swift */; };
		FC55F7A622A9C2690066D3E5 /* CreateTransactionParams.swift in Sources */ = {isa = PBXBuildFile; fileRef = FC55F7A522A9C2690066D3E5 /* CreateTransactionParams.swift */; };
		FC55F7AA22A9E46D0066D3E5 /* NotificationName+Ext.swift in Sources */ = {isa = PBXBuildFile; fileRef = FC55F7A922A9E46D0066D3E5 /* NotificationName+Ext.swift */; };
		FC5F9FD922A7F65400598548 /* AppDelegate.swift in Sources */ = {isa = PBXBuildFile; fileRef = FC5F9FD822A7F65400598548 /* AppDelegate.swift */; };
		FC5F9FDB22A7F69300598548 /* ExpensifyAppCoordinator.swift in Sources */ = {isa = PBXBuildFile; fileRef = FC5F9FDA22A7F69300598548 /* ExpensifyAppCoordinator.swift */; };
		FC62B93622A8A5FA00A03D08 /* DecodableModel+JSONDecoder.swift in Sources */ = {isa = PBXBuildFile; fileRef = FC62B93522A8A5FA00A03D08 /* DecodableModel+JSONDecoder.swift */; };
		FC62B93822A8AE1C00A03D08 /* URLQueryItem+RemoveNilValues.swift in Sources */ = {isa = PBXBuildFile; fileRef = FC62B93722A8AE1B00A03D08 /* URLQueryItem+RemoveNilValues.swift */; };
		FC62B93C22A8B32E00A03D08 /* GenericTableViewDatasource.swift in Sources */ = {isa = PBXBuildFile; fileRef = FC62B93B22A8B32E00A03D08 /* GenericTableViewDatasource.swift */; };
		FC62B94022A8B97D00A03D08 /* AttributedStringBuilder.swift in Sources */ = {isa = PBXBuildFile; fileRef = FC62B93F22A8B97C00A03D08 /* AttributedStringBuilder.swift */; };
		FC62B94222A8C78500A03D08 /* UITableView+Ext.swift in Sources */ = {isa = PBXBuildFile; fileRef = FC62B94122A8C78500A03D08 /* UITableView+Ext.swift */; };
		FC62B94422A8C7A600A03D08 /* RefreshControl.swift in Sources */ = {isa = PBXBuildFile; fileRef = FC62B94322A8C7A600A03D08 /* RefreshControl.swift */; };
		FC62B94622A8C84300A03D08 /* RefreshControlHoldable.swift in Sources */ = {isa = PBXBuildFile; fileRef = FC62B94522A8C84300A03D08 /* RefreshControlHoldable.swift */; };
		FC7E354C22A95E47008C8646 /* String+Truncate.swift in Sources */ = {isa = PBXBuildFile; fileRef = FC7E354B22A95E47008C8646 /* String+Truncate.swift */; };
		FC7E354E22A98725008C8646 /* NumberFormatter+Ext.swift in Sources */ = {isa = PBXBuildFile; fileRef = FC7E354D22A98725008C8646 /* NumberFormatter+Ext.swift */; };
		FC7E355022A9875D008C8646 /* CurrencyCode.swift in Sources */ = {isa = PBXBuildFile; fileRef = FC7E354F22A9875D008C8646 /* CurrencyCode.swift */; };
		FC89987322A88EEB0071EA3B /* AlertDisplayable.swift in Sources */ = {isa = PBXBuildFile; fileRef = FC89987222A88EEB0071EA3B /* AlertDisplayable.swift */; };
		FC89987522A8933D0071EA3B /* LoadingDisplayable.swift in Sources */ = {isa = PBXBuildFile; fileRef = FC89987422A8933D0071EA3B /* LoadingDisplayable.swift */; };
		FC989D5922A7F2CB0066310C /* SignInViewController.swift in Sources */ = {isa = PBXBuildFile; fileRef = FC989D5822A7F2CB0066310C /* SignInViewController.swift */; };
		FC989D6C22A7F2DE0066310C /* ExpensifyCodingTestTests.swift in Sources */ = {isa = PBXBuildFile; fileRef = FC989D6B22A7F2DE0066310C /* ExpensifyCodingTestTests.swift */; };
		FCA1D61D22A850C100D33EF5 /* LayoutAnchor.swift in Sources */ = {isa = PBXBuildFile; fileRef = FCA1D61B22A850C100D33EF5 /* LayoutAnchor.swift */; };
		FCA1D61E22A850C100D33EF5 /* LayoutProperty.swift in Sources */ = {isa = PBXBuildFile; fileRef = FCA1D61C22A850C100D33EF5 /* LayoutProperty.swift */; };
		FCA1D62022A850E900D33EF5 /* UIView+Constraints.swift in Sources */ = {isa = PBXBuildFile; fileRef = FCA1D61F22A850E900D33EF5 /* UIView+Constraints.swift */; };
		FCA1D62222A850F600D33EF5 /* UIViewController+SafeAreaConstraints.swift in Sources */ = {isa = PBXBuildFile; fileRef = FCA1D62122A850F600D33EF5 /* UIViewController+SafeAreaConstraints.swift */; };
		FCA1D62522A86E0B00D33EF5 /* LaunchScreen.storyboard in Resources */ = {isa = PBXBuildFile; fileRef = FCA1D62322A86E0B00D33EF5 /* LaunchScreen.storyboard */; };
		FCA1D62822A86E2800D33EF5 /* Assets.xcassets in Resources */ = {isa = PBXBuildFile; fileRef = FCA1D62622A86E2800D33EF5 /* Assets.xcassets */; };
		FCA1D62B22A8773E00D33EF5 /* Credentials.swift in Sources */ = {isa = PBXBuildFile; fileRef = FCA1D62A22A8773E00D33EF5 /* Credentials.swift */; };
		FCA1D62F22A8890500D33EF5 /* APIResponse.swift in Sources */ = {isa = PBXBuildFile; fileRef = FCA1D62E22A8890500D33EF5 /* APIResponse.swift */; };
/* End PBXBuildFile section */

/* Begin PBXContainerItemProxy section */
		FC989D6822A7F2DE0066310C /* PBXContainerItemProxy */ = {
			isa = PBXContainerItemProxy;
			containerPortal = FC989D4B22A7F2CA0066310C /* Project object */;
			proxyType = 1;
			remoteGlobalIDString = FC989D5222A7F2CA0066310C;
			remoteInfo = ExpensifyCodingTest;
		};
/* End PBXContainerItemProxy section */

/* Begin PBXFileReference section */
		1690ABC6D5BE945AC2A64782 /* libPods-ExpensifyCodingTest.a */ = {isa = PBXFileReference; explicitFileType = archive.ar; includeInIndex = 0; path = "libPods-ExpensifyCodingTest.a"; sourceTree = BUILT_PRODUCTS_DIR; };
		17DD0CAE923B984C221440BA /* Pods-ExpensifyCodingTestTests.release.xcconfig */ = {isa = PBXFileReference; includeInIndex = 1; lastKnownFileType = text.xcconfig; name = "Pods-ExpensifyCodingTestTests.release.xcconfig"; path = "Target Support Files/Pods-ExpensifyCodingTestTests/Pods-ExpensifyCodingTestTests.release.xcconfig"; sourceTree = "<group>"; };
		7A609C69DB778A2F22719744 /* Pods-ExpensifyCodingTest.debug.xcconfig */ = {isa = PBXFileReference; includeInIndex = 1; lastKnownFileType = text.xcconfig; name = "Pods-ExpensifyCodingTest.debug.xcconfig"; path = "Target Support Files/Pods-ExpensifyCodingTest/Pods-ExpensifyCodingTest.debug.xcconfig"; sourceTree = "<group>"; };
		A18260D395D454A82EE1BB2E /* libPods-ExpensifyCodingTestTests.a */ = {isa = PBXFileReference; explicitFileType = archive.ar; includeInIndex = 0; path = "libPods-ExpensifyCodingTestTests.a"; sourceTree = BUILT_PRODUCTS_DIR; };
		C5B6B0AA03098EB28FA0121D /* Pods-ExpensifyCodingTestTests.debug.xcconfig */ = {isa = PBXFileReference; includeInIndex = 1; lastKnownFileType = text.xcconfig; name = "Pods-ExpensifyCodingTestTests.debug.xcconfig"; path = "Target Support Files/Pods-ExpensifyCodingTestTests/Pods-ExpensifyCodingTestTests.debug.xcconfig"; sourceTree = "<group>"; };
		D6F4FE0FC6F37888D31ACC02 /* Pods-ExpensifyCodingTest.release.xcconfig */ = {isa = PBXFileReference; includeInIndex = 1; lastKnownFileType = text.xcconfig; name = "Pods-ExpensifyCodingTest.release.xcconfig"; path = "Target Support Files/Pods-ExpensifyCodingTest/Pods-ExpensifyCodingTest.release.xcconfig"; sourceTree = "<group>"; };
		FC0EB6CE22A802F400BFAFC2 /* InitConfigurable.swift */ = {isa = PBXFileReference; fileEncoding = 4; lastKnownFileType = sourcecode.swift; path = InitConfigurable.swift; sourceTree = "<group>"; };
		FC0EB6CF22A802F400BFAFC2 /* Reusable.swift */ = {isa = PBXFileReference; fileEncoding = 4; lastKnownFileType = sourcecode.swift; path = Reusable.swift; sourceTree = "<group>"; };
		FC0EB6D222A8056500BFAFC2 /* AddableAndRemovable.swift */ = {isa = PBXFileReference; fileEncoding = 4; lastKnownFileType = sourcecode.swift; path = AddableAndRemovable.swift; sourceTree = "<group>"; };
		FC0EB6D422A8102A00BFAFC2 /* RESTComponent.swift */ = {isa = PBXFileReference; lastKnownFileType = sourcecode.swift; path = RESTComponent.swift; sourceTree = "<group>"; };
		FC0EB6D622A8117600BFAFC2 /* URLProducer.swift */ = {isa = PBXFileReference; lastKnownFileType = sourcecode.swift; path = URLProducer.swift; sourceTree = "<group>"; };
		FC0EB6D822A8119900BFAFC2 /* EndPoint.swift */ = {isa = PBXFileReference; lastKnownFileType = sourcecode.swift; path = EndPoint.swift; sourceTree = "<group>"; };
		FC0EB6DC22A81A0100BFAFC2 /* Constants.swift */ = {isa = PBXFileReference; lastKnownFileType = sourcecode.swift; path = Constants.swift; sourceTree = "<group>"; };
		FC0EB6DE22A8210C00BFAFC2 /* String+OrEmpty.swift */ = {isa = PBXFileReference; fileEncoding = 4; lastKnownFileType = sourcecode.swift; path = "String+OrEmpty.swift"; sourceTree = "<group>"; };
		FC0EB6E022A8270800BFAFC2 /* Int+Ext.swift */ = {isa = PBXFileReference; fileEncoding = 4; lastKnownFileType = sourcecode.swift; path = "Int+Ext.swift"; sourceTree = "<group>"; };
		FC0EB6E222A83AA400BFAFC2 /* NetworkRouter.swift */ = {isa = PBXFileReference; lastKnownFileType = sourcecode.swift; path = NetworkRouter.swift; sourceTree = "<group>"; };
		FC0EB6E422A83BAD00BFAFC2 /* Router.swift */ = {isa = PBXFileReference; lastKnownFileType = sourcecode.swift; path = Router.swift; sourceTree = "<group>"; };
		FC0EB6E822A84A8700BFAFC2 /* HTTPMethod.swift */ = {isa = PBXFileReference; lastKnownFileType = sourcecode.swift; path = HTTPMethod.swift; sourceTree = "<group>"; };
		FC0EB6EA22A84D5E00BFAFC2 /* NetworkError.swift */ = {isa = PBXFileReference; lastKnownFileType = sourcecode.swift; path = NetworkError.swift; sourceTree = "<group>"; };
		FC0EB6EF22A84F1900BFAFC2 /* TransactionPayload.swift */ = {isa = PBXFileReference; lastKnownFileType = sourcecode.swift; path = TransactionPayload.swift; sourceTree = "<group>"; };
		FC0EB6F122A84F5F00BFAFC2 /* SignInViewCoordinator.swift */ = {isa = PBXFileReference; lastKnownFileType = sourcecode.swift; path = SignInViewCoordinator.swift; sourceTree = "<group>"; };
		FC55F78E22A9A6140066D3E5 /* CreateTransactionViewController.swift */ = {isa = PBXFileReference; fileEncoding = 4; lastKnownFileType = sourcecode.swift; path = CreateTransactionViewController.swift; sourceTree = "<group>"; };
		FC55F78F22A9A6140066D3E5 /* CreateTransactionViewCoordinator.swift */ = {isa = PBXFileReference; fileEncoding = 4; lastKnownFileType = sourcecode.swift; path = CreateTransactionViewCoordinator.swift; sourceTree = "<group>"; };
		FC55F79522A9A6140066D3E5 /* TransactionListTableViewCell.swift */ = {isa = PBXFileReference; fileEncoding = 4; lastKnownFileType = sourcecode.swift; path = TransactionListTableViewCell.swift; sourceTree = "<group>"; };
		FC55F79622A9A6140066D3E5 /* TransactionListViewCoorinator.swift */ = {isa = PBXFileReference; fileEncoding = 4; lastKnownFileType = sourcecode.swift; path = TransactionListViewCoorinator.swift; sourceTree = "<group>"; };
		FC55F79722A9A6140066D3E5 /* TransactionListDatasource.swift */ = {isa = PBXFileReference; fileEncoding = 4; lastKnownFileType = sourcecode.swift; path = TransactionListDatasource.swift; sourceTree = "<group>"; };
		FC55F79822A9A6140066D3E5 /* TransactionListViewController.swift */ = {isa = PBXFileReference; fileEncoding = 4; lastKnownFileType = sourcecode.swift; path = TransactionListViewController.swift; sourceTree = "<group>"; };
		FC55F7A322A9C2170066D3E5 /* TransactionParams.swift */ = {isa = PBXFileReference; lastKnownFileType = sourcecode.swift; path = TransactionParams.swift; sourceTree = "<group>"; };
		FC55F7A522A9C2690066D3E5 /* CreateTransactionParams.swift */ = {isa = PBXFileReference; lastKnownFileType = sourcecode.swift; path = CreateTransactionParams.swift; sourceTree = "<group>"; };
		FC55F7A922A9E46D0066D3E5 /* NotificationName+Ext.swift */ = {isa = PBXFileReference; lastKnownFileType = sourcecode.swift; path = "NotificationName+Ext.swift"; sourceTree = "<group>"; };
		FC5F9FD822A7F65400598548 /* AppDelegate.swift */ = {isa = PBXFileReference; fileEncoding = 4; lastKnownFileType = sourcecode.swift; path = AppDelegate.swift; sourceTree = "<group>"; };
		FC5F9FDA22A7F69300598548 /* ExpensifyAppCoordinator.swift */ = {isa = PBXFileReference; lastKnownFileType = sourcecode.swift; path = ExpensifyAppCoordinator.swift; sourceTree = "<group>"; };
		FC62B93522A8A5FA00A03D08 /* DecodableModel+JSONDecoder.swift */ = {isa = PBXFileReference; lastKnownFileType = sourcecode.swift; path = "DecodableModel+JSONDecoder.swift"; sourceTree = "<group>"; };
		FC62B93722A8AE1B00A03D08 /* URLQueryItem+RemoveNilValues.swift */ = {isa = PBXFileReference; lastKnownFileType = sourcecode.swift; path = "URLQueryItem+RemoveNilValues.swift"; sourceTree = "<group>"; };
		FC62B93B22A8B32E00A03D08 /* GenericTableViewDatasource.swift */ = {isa = PBXFileReference; lastKnownFileType = sourcecode.swift; path = GenericTableViewDatasource.swift; sourceTree = "<group>"; };
		FC62B93F22A8B97C00A03D08 /* AttributedStringBuilder.swift */ = {isa = PBXFileReference; fileEncoding = 4; lastKnownFileType = sourcecode.swift; path = AttributedStringBuilder.swift; sourceTree = "<group>"; };
		FC62B94122A8C78500A03D08 /* UITableView+Ext.swift */ = {isa = PBXFileReference; fileEncoding = 4; lastKnownFileType = sourcecode.swift; path = "UITableView+Ext.swift"; sourceTree = "<group>"; };
		FC62B94322A8C7A600A03D08 /* RefreshControl.swift */ = {isa = PBXFileReference; fileEncoding = 4; lastKnownFileType = sourcecode.swift; path = RefreshControl.swift; sourceTree = "<group>"; };
		FC62B94522A8C84300A03D08 /* RefreshControlHoldable.swift */ = {isa = PBXFileReference; fileEncoding = 4; lastKnownFileType = sourcecode.swift; path = RefreshControlHoldable.swift; sourceTree = "<group>"; };
		FC7E354B22A95E47008C8646 /* String+Truncate.swift */ = {isa = PBXFileReference; lastKnownFileType = sourcecode.swift; path = "String+Truncate.swift"; sourceTree = "<group>"; };
		FC7E354D22A98725008C8646 /* NumberFormatter+Ext.swift */ = {isa = PBXFileReference; lastKnownFileType = sourcecode.swift; path = "NumberFormatter+Ext.swift"; sourceTree = "<group>"; };
		FC7E354F22A9875D008C8646 /* CurrencyCode.swift */ = {isa = PBXFileReference; lastKnownFileType = sourcecode.swift; path = CurrencyCode.swift; sourceTree = "<group>"; };
		FC89987222A88EEB0071EA3B /* AlertDisplayable.swift */ = {isa = PBXFileReference; lastKnownFileType = sourcecode.swift; path = AlertDisplayable.swift; sourceTree = "<group>"; };
		FC89987422A8933D0071EA3B /* LoadingDisplayable.swift */ = {isa = PBXFileReference; lastKnownFileType = sourcecode.swift; path = LoadingDisplayable.swift; sourceTree = "<group>"; };
		FC989D5322A7F2CB0066310C /* ExpensifyCodingTest.app */ = {isa = PBXFileReference; explicitFileType = wrapper.application; includeInIndex = 0; path = ExpensifyCodingTest.app; sourceTree = BUILT_PRODUCTS_DIR; };
		FC989D5822A7F2CB0066310C /* SignInViewController.swift */ = {isa = PBXFileReference; lastKnownFileType = sourcecode.swift; path = SignInViewController.swift; sourceTree = "<group>"; };
		FC989D6722A7F2DE0066310C /* ExpensifyCodingTestTests.xctest */ = {isa = PBXFileReference; explicitFileType = wrapper.cfbundle; includeInIndex = 0; path = ExpensifyCodingTestTests.xctest; sourceTree = BUILT_PRODUCTS_DIR; };
		FC989D6B22A7F2DE0066310C /* ExpensifyCodingTestTests.swift */ = {isa = PBXFileReference; lastKnownFileType = sourcecode.swift; path = ExpensifyCodingTestTests.swift; sourceTree = "<group>"; };
		FC989D6D22A7F2DE0066310C /* Info.plist */ = {isa = PBXFileReference; lastKnownFileType = text.plist.xml; path = Info.plist; sourceTree = "<group>"; };
		FCA1D61B22A850C100D33EF5 /* LayoutAnchor.swift */ = {isa = PBXFileReference; fileEncoding = 4; lastKnownFileType = sourcecode.swift; name = LayoutAnchor.swift; path = ExpensifyCodingTest/Layout/LayoutAnchor.swift; sourceTree = SOURCE_ROOT; };
		FCA1D61C22A850C100D33EF5 /* LayoutProperty.swift */ = {isa = PBXFileReference; fileEncoding = 4; lastKnownFileType = sourcecode.swift; name = LayoutProperty.swift; path = ExpensifyCodingTest/Layout/LayoutProperty.swift; sourceTree = SOURCE_ROOT; };
		FCA1D61F22A850E900D33EF5 /* UIView+Constraints.swift */ = {isa = PBXFileReference; fileEncoding = 4; lastKnownFileType = sourcecode.swift; name = "UIView+Constraints.swift"; path = "ExpensifyCodingTest/Layout/UIView+Constraints.swift"; sourceTree = SOURCE_ROOT; };
		FCA1D62122A850F600D33EF5 /* UIViewController+SafeAreaConstraints.swift */ = {isa = PBXFileReference; fileEncoding = 4; lastKnownFileType = sourcecode.swift; path = "UIViewController+SafeAreaConstraints.swift"; sourceTree = "<group>"; };
		FCA1D62422A86E0B00D33EF5 /* Base */ = {isa = PBXFileReference; lastKnownFileType = file.storyboard; name = Base; path = Base.lproj/LaunchScreen.storyboard; sourceTree = "<group>"; };
		FCA1D62622A86E2800D33EF5 /* Assets.xcassets */ = {isa = PBXFileReference; lastKnownFileType = folder.assetcatalog; path = Assets.xcassets; sourceTree = "<group>"; };
		FCA1D62722A86E2800D33EF5 /* Info.plist */ = {isa = PBXFileReference; fileEncoding = 4; lastKnownFileType = text.plist.xml; path = Info.plist; sourceTree = "<group>"; };
		FCA1D62A22A8773E00D33EF5 /* Credentials.swift */ = {isa = PBXFileReference; lastKnownFileType = sourcecode.swift; path = Credentials.swift; sourceTree = "<group>"; };
		FCA1D62E22A8890500D33EF5 /* APIResponse.swift */ = {isa = PBXFileReference; fileEncoding = 4; lastKnownFileType = sourcecode.swift; path = APIResponse.swift; sourceTree = "<group>"; };
/* End PBXFileReference section */

/* Begin PBXFrameworksBuildPhase section */
		FC989D5022A7F2CA0066310C /* Frameworks */ = {
			isa = PBXFrameworksBuildPhase;
			buildActionMask = 2147483647;
			files = (
				34928BF181917F7DDAA502AD /* libPods-ExpensifyCodingTest.a in Frameworks */,
			);
			runOnlyForDeploymentPostprocessing = 0;
		};
		FC989D6422A7F2DE0066310C /* Frameworks */ = {
			isa = PBXFrameworksBuildPhase;
			buildActionMask = 2147483647;
			files = (
				A3AD224477E259DAE8849330 /* libPods-ExpensifyCodingTestTests.a in Frameworks */,
			);
			runOnlyForDeploymentPostprocessing = 0;
		};
/* End PBXFrameworksBuildPhase section */

/* Begin PBXGroup section */
		192B1EFDA4E597B47487DFF4 /* Frameworks */ = {
			isa = PBXGroup;
			children = (
				1690ABC6D5BE945AC2A64782 /* libPods-ExpensifyCodingTest.a */,
				A18260D395D454A82EE1BB2E /* libPods-ExpensifyCodingTestTests.a */,
			);
			name = Frameworks;
			sourceTree = "<group>";
		};
		CF4325A8C5374E1A948A3F1B /* Pods */ = {
			isa = PBXGroup;
			children = (
				7A609C69DB778A2F22719744 /* Pods-ExpensifyCodingTest.debug.xcconfig */,
				D6F4FE0FC6F37888D31ACC02 /* Pods-ExpensifyCodingTest.release.xcconfig */,
				C5B6B0AA03098EB28FA0121D /* Pods-ExpensifyCodingTestTests.debug.xcconfig */,
				17DD0CAE923B984C221440BA /* Pods-ExpensifyCodingTestTests.release.xcconfig */,
			);
			path = Pods;
			sourceTree = "<group>";
		};
		FC0EB6B022A8016400BFAFC2 /* Networking */ = {
			isa = PBXGroup;
			children = (
				FC0EB6ED22A84EA000BFAFC2 /* EndPoint */,
				FC0EB6EC22A84E9000BFAFC2 /* Service */,
			);
			path = Networking;
			sourceTree = "<group>";
		};
		FC0EB6B122A8021D00BFAFC2 /* Utilities */ = {
			isa = PBXGroup;
			children = (
				FC62B94122A8C78500A03D08 /* UITableView+Ext.swift */,
				FC62B94322A8C7A600A03D08 /* RefreshControl.swift */,
				FC62B93F22A8B97C00A03D08 /* AttributedStringBuilder.swift */,
				FCA1D62122A850F600D33EF5 /* UIViewController+SafeAreaConstraints.swift */,
				FC0EB6DE22A8210C00BFAFC2 /* String+OrEmpty.swift */,
				FC0EB6CE22A802F400BFAFC2 /* InitConfigurable.swift */,
				FC0EB6CF22A802F400BFAFC2 /* Reusable.swift */,
				FC0EB6E022A8270800BFAFC2 /* Int+Ext.swift */,
				FC0EB6D222A8056500BFAFC2 /* AddableAndRemovable.swift */,
				FC0EB6DC22A81A0100BFAFC2 /* Constants.swift */,
				FC62B93522A8A5FA00A03D08 /* DecodableModel+JSONDecoder.swift */,
				FC62B93722A8AE1B00A03D08 /* URLQueryItem+RemoveNilValues.swift */,
				FC7E354B22A95E47008C8646 /* String+Truncate.swift */,
				FC7E354D22A98725008C8646 /* NumberFormatter+Ext.swift */,
				FC55F7A922A9E46D0066D3E5 /* NotificationName+Ext.swift */,
			);
			path = Utilities;
			sourceTree = "<group>";
		};
		FC0EB6B222A8028200BFAFC2 /* Sign In */ = {
			isa = PBXGroup;
			children = (
				FC0EB6F122A84F5F00BFAFC2 /* SignInViewCoordinator.swift */,
				FC989D5822A7F2CB0066310C /* SignInViewController.swift */,
			);
			path = "Sign In";
			sourceTree = "<group>";
		};
		FC0EB6B722A802BC00BFAFC2 /* Layout */ = {
			isa = PBXGroup;
			children = (
				FCA1D61F22A850E900D33EF5 /* UIView+Constraints.swift */,
				FCA1D61B22A850C100D33EF5 /* LayoutAnchor.swift */,
				FCA1D61C22A850C100D33EF5 /* LayoutProperty.swift */,
			);
			name = Layout;
			path = Layout/Layout;
			sourceTree = "<group>";
		};
		FC0EB6EC22A84E9000BFAFC2 /* Service */ = {
			isa = PBXGroup;
			children = (
				FC0EB6E222A83AA400BFAFC2 /* NetworkRouter.swift */,
				FC0EB6E422A83BAD00BFAFC2 /* Router.swift */,
				FC0EB6EA22A84D5E00BFAFC2 /* NetworkError.swift */,
				FC0EB6E822A84A8700BFAFC2 /* HTTPMethod.swift */,
			);
			path = Service;
			sourceTree = "<group>";
		};
		FC0EB6ED22A84EA000BFAFC2 /* EndPoint */ = {
			isa = PBXGroup;
			children = (
				FC0EB6D422A8102A00BFAFC2 /* RESTComponent.swift */,
				FC0EB6D622A8117600BFAFC2 /* URLProducer.swift */,
				FC0EB6D822A8119900BFAFC2 /* EndPoint.swift */,
			);
			path = EndPoint;
			sourceTree = "<group>";
		};
		FC0EB6EE22A84EC200BFAFC2 /* Model */ = {
			isa = PBXGroup;
			children = (
				FCA1D62E22A8890500D33EF5 /* APIResponse.swift */,
				FC0EB6EF22A84F1900BFAFC2 /* TransactionPayload.swift */,
				FCA1D62A22A8773E00D33EF5 /* Credentials.swift */,
				FC7E354F22A9875D008C8646 /* CurrencyCode.swift */,
				FC55F7A322A9C2170066D3E5 /* TransactionParams.swift */,
				FC55F7A522A9C2690066D3E5 /* CreateTransactionParams.swift */,
			);
			path = Model;
			sourceTree = "<group>";
		};
		FC0EB6F322A84FA300BFAFC2 /* Resources */ = {
			isa = PBXGroup;
			children = (
				FCA1D62622A86E2800D33EF5 /* Assets.xcassets */,
				FCA1D62722A86E2800D33EF5 /* Info.plist */,
				FCA1D62322A86E0B00D33EF5 /* LaunchScreen.storyboard */,
			);
			path = Resources;
			sourceTree = "<group>";
		};
		FC55F78B22A9A6130066D3E5 /* TransactionList */ = {
			isa = PBXGroup;
			children = (
				FC55F79422A9A6140066D3E5 /* Views */,
				FC55F78C22A9A6140066D3E5 /* CreateTransaction */,
			);
			path = TransactionList;
			sourceTree = "<group>";
		};
		FC55F78C22A9A6140066D3E5 /* CreateTransaction */ = {
			isa = PBXGroup;
			children = (
				FC55F78D22A9A6140066D3E5 /* Views */,
			);
			path = CreateTransaction;
			sourceTree = "<group>";
		};
		FC55F78D22A9A6140066D3E5 /* Views */ = {
			isa = PBXGroup;
			children = (
				FC55F78F22A9A6140066D3E5 /* CreateTransactionViewCoordinator.swift */,
				FC55F78E22A9A6140066D3E5 /* CreateTransactionViewController.swift */,
			);
			path = Views;
			sourceTree = "<group>";
		};
		FC55F79422A9A6140066D3E5 /* Views */ = {
			isa = PBXGroup;
			children = (
				FC55F79622A9A6140066D3E5 /* TransactionListViewCoorinator.swift */,
				FC55F79722A9A6140066D3E5 /* TransactionListDatasource.swift */,
				FC55F79522A9A6140066D3E5 /* TransactionListTableViewCell.swift */,
				FC55F79822A9A6140066D3E5 /* TransactionListViewController.swift */,
			);
			path = Views;
			sourceTree = "<group>";
		};
		FC989D4A22A7F2CA0066310C = {
			isa = PBXGroup;
			children = (
				FC989D5522A7F2CB0066310C /* ExpensifyCodingTest */,
				FC989D6A22A7F2DE0066310C /* ExpensifyCodingTestTests */,
				FC989D5422A7F2CB0066310C /* Products */,
				CF4325A8C5374E1A948A3F1B /* Pods */,
				192B1EFDA4E597B47487DFF4 /* Frameworks */,
			);
			sourceTree = "<group>";
		};
		FC989D5422A7F2CB0066310C /* Products */ = {
			isa = PBXGroup;
			children = (
				FC989D5322A7F2CB0066310C /* ExpensifyCodingTest.app */,
				FC989D6722A7F2DE0066310C /* ExpensifyCodingTestTests.xctest */,
			);
			name = Products;
			sourceTree = "<group>";
		};
		FC989D5522A7F2CB0066310C /* ExpensifyCodingTest */ = {
			isa = PBXGroup;
			children = (
				FC989D7622A7F5B10066310C /* AppCoordinator */,
				FC0EB6B222A8028200BFAFC2 /* Sign In */,
				FC55F78B22A9A6130066D3E5 /* TransactionList */,
				FC0EB6B022A8016400BFAFC2 /* Networking */,
				FC0EB6B122A8021D00BFAFC2 /* Utilities */,
				FC0EB6EE22A84EC200BFAFC2 /* Model */,
				FCA1D63022A88E6300D33EF5 /* Common */,
				FC0EB6B722A802BC00BFAFC2 /* Layout */,
				FC0EB6F322A84FA300BFAFC2 /* Resources */,
			);
			path = ExpensifyCodingTest;
			sourceTree = "<group>";
		};
		FC989D6A22A7F2DE0066310C /* ExpensifyCodingTestTests */ = {
			isa = PBXGroup;
			children = (
				FC989D6B22A7F2DE0066310C /* ExpensifyCodingTestTests.swift */,
				FC989D6D22A7F2DE0066310C /* Info.plist */,
			);
			path = ExpensifyCodingTestTests;
			sourceTree = "<group>";
		};
		FC989D7622A7F5B10066310C /* AppCoordinator */ = {
			isa = PBXGroup;
			children = (
				FC5F9FD822A7F65400598548 /* AppDelegate.swift */,
				FC5F9FDA22A7F69300598548 /* ExpensifyAppCoordinator.swift */,
			);
			path = AppCoordinator;
			sourceTree = "<group>";
		};
		FCA1D63022A88E6300D33EF5 /* Common */ = {
			isa = PBXGroup;
			children = (
				FC89987222A88EEB0071EA3B /* AlertDisplayable.swift */,
				FC62B94522A8C84300A03D08 /* RefreshControlHoldable.swift */,
				FC89987422A8933D0071EA3B /* LoadingDisplayable.swift */,
				FC62B93B22A8B32E00A03D08 /* GenericTableViewDatasource.swift */,
			);
			path = Common;
			sourceTree = "<group>";
		};
/* End PBXGroup section */

/* Begin PBXNativeTarget section */
		FC989D5222A7F2CA0066310C /* ExpensifyCodingTest */ = {
			isa = PBXNativeTarget;
			buildConfigurationList = FC989D7022A7F2DE0066310C /* Build configuration list for PBXNativeTarget "ExpensifyCodingTest" */;
			buildPhases = (
				390D003C544FB933B47B2B92 /* [CP] Check Pods Manifest.lock */,
				FC989D4F22A7F2CA0066310C /* Sources */,
				FC989D5022A7F2CA0066310C /* Frameworks */,
				FC989D5122A7F2CA0066310C /* Resources */,
			);
			buildRules = (
			);
			dependencies = (
			);
			name = ExpensifyCodingTest;
			productName = ExpensifyCodingTest;
			productReference = FC989D5322A7F2CB0066310C /* ExpensifyCodingTest.app */;
			productType = "com.apple.product-type.application";
		};
		FC989D6622A7F2DE0066310C /* ExpensifyCodingTestTests */ = {
			isa = PBXNativeTarget;
			buildConfigurationList = FC989D7322A7F2DE0066310C /* Build configuration list for PBXNativeTarget "ExpensifyCodingTestTests" */;
			buildPhases = (
				CB9317807AB223577D3601EC /* [CP] Check Pods Manifest.lock */,
				FC989D6322A7F2DE0066310C /* Sources */,
				FC989D6422A7F2DE0066310C /* Frameworks */,
				FC989D6522A7F2DE0066310C /* Resources */,
			);
			buildRules = (
			);
			dependencies = (
				FC989D6922A7F2DE0066310C /* PBXTargetDependency */,
			);
			name = ExpensifyCodingTestTests;
			productName = ExpensifyCodingTestTests;
			productReference = FC989D6722A7F2DE0066310C /* ExpensifyCodingTestTests.xctest */;
			productType = "com.apple.product-type.bundle.unit-test";
		};
/* End PBXNativeTarget section */

/* Begin PBXProject section */
		FC989D4B22A7F2CA0066310C /* Project object */ = {
			isa = PBXProject;
			attributes = {
				LastSwiftUpdateCheck = 1020;
				LastUpgradeCheck = 1020;
				ORGANIZATIONNAME = "Kauna Mohammed";
				TargetAttributes = {
					FC989D5222A7F2CA0066310C = {
						CreatedOnToolsVersion = 10.2.1;
					};
					FC989D6622A7F2DE0066310C = {
						CreatedOnToolsVersion = 10.2.1;
						TestTargetID = FC989D5222A7F2CA0066310C;
					};
				};
			};
			buildConfigurationList = FC989D4E22A7F2CA0066310C /* Build configuration list for PBXProject "ExpensifyCodingTest" */;
			compatibilityVersion = "Xcode 9.3";
			developmentRegion = en;
			hasScannedForEncodings = 0;
			knownRegions = (
				en,
				Base,
			);
			mainGroup = FC989D4A22A7F2CA0066310C;
			productRefGroup = FC989D5422A7F2CB0066310C /* Products */;
			projectDirPath = "";
			projectRoot = "";
			targets = (
				FC989D5222A7F2CA0066310C /* ExpensifyCodingTest */,
				FC989D6622A7F2DE0066310C /* ExpensifyCodingTestTests */,
			);
		};
/* End PBXProject section */

/* Begin PBXResourcesBuildPhase section */
		FC989D5122A7F2CA0066310C /* Resources */ = {
			isa = PBXResourcesBuildPhase;
			buildActionMask = 2147483647;
			files = (
				FCA1D62822A86E2800D33EF5 /* Assets.xcassets in Resources */,
				FCA1D62522A86E0B00D33EF5 /* LaunchScreen.storyboard in Resources */,
			);
			runOnlyForDeploymentPostprocessing = 0;
		};
		FC989D6522A7F2DE0066310C /* Resources */ = {
			isa = PBXResourcesBuildPhase;
			buildActionMask = 2147483647;
			files = (
			);
			runOnlyForDeploymentPostprocessing = 0;
		};
/* End PBXResourcesBuildPhase section */

/* Begin PBXShellScriptBuildPhase section */
		390D003C544FB933B47B2B92 /* [CP] Check Pods Manifest.lock */ = {
			isa = PBXShellScriptBuildPhase;
			buildActionMask = 2147483647;
			files = (
			);
			inputFileListPaths = (
			);
			inputPaths = (
				"${PODS_PODFILE_DIR_PATH}/Podfile.lock",
				"${PODS_ROOT}/Manifest.lock",
			);
			name = "[CP] Check Pods Manifest.lock";
			outputFileListPaths = (
			);
			outputPaths = (
				"$(DERIVED_FILE_DIR)/Pods-ExpensifyCodingTest-checkManifestLockResult.txt",
			);
			runOnlyForDeploymentPostprocessing = 0;
			shellPath = /bin/sh;
			shellScript = "diff \"${PODS_PODFILE_DIR_PATH}/Podfile.lock\" \"${PODS_ROOT}/Manifest.lock\" > /dev/null\nif [ $? != 0 ] ; then\n    # print error to STDERR\n    echo \"error: The sandbox is not in sync with the Podfile.lock. Run 'pod install' or update your CocoaPods installation.\" >&2\n    exit 1\nfi\n# This output is used by Xcode 'outputs' to avoid re-running this script phase.\necho \"SUCCESS\" > \"${SCRIPT_OUTPUT_FILE_0}\"\n";
			showEnvVarsInLog = 0;
		};
		CB9317807AB223577D3601EC /* [CP] Check Pods Manifest.lock */ = {
			isa = PBXShellScriptBuildPhase;
			buildActionMask = 2147483647;
			files = (
			);
			inputFileListPaths = (
			);
			inputPaths = (
				"${PODS_PODFILE_DIR_PATH}/Podfile.lock",
				"${PODS_ROOT}/Manifest.lock",
			);
			name = "[CP] Check Pods Manifest.lock";
			outputFileListPaths = (
			);
			outputPaths = (
				"$(DERIVED_FILE_DIR)/Pods-ExpensifyCodingTestTests-checkManifestLockResult.txt",
			);
			runOnlyForDeploymentPostprocessing = 0;
			shellPath = /bin/sh;
			shellScript = "diff \"${PODS_PODFILE_DIR_PATH}/Podfile.lock\" \"${PODS_ROOT}/Manifest.lock\" > /dev/null\nif [ $? != 0 ] ; then\n    # print error to STDERR\n    echo \"error: The sandbox is not in sync with the Podfile.lock. Run 'pod install' or update your CocoaPods installation.\" >&2\n    exit 1\nfi\n# This output is used by Xcode 'outputs' to avoid re-running this script phase.\necho \"SUCCESS\" > \"${SCRIPT_OUTPUT_FILE_0}\"\n";
			showEnvVarsInLog = 0;
		};
/* End PBXShellScriptBuildPhase section */

/* Begin PBXSourcesBuildPhase section */
		FC989D4F22A7F2CA0066310C /* Sources */ = {
			isa = PBXSourcesBuildPhase;
			buildActionMask = 2147483647;
			files = (
				FC55F79F22A9A6140066D3E5 /* TransactionListTableViewCell.swift in Sources */,
				FC0EB6F222A84F5F00BFAFC2 /* SignInViewCoordinator.swift in Sources */,
				FC0EB6D922A8119900BFAFC2 /* EndPoint.swift in Sources */,
				FC0EB6DF22A8210C00BFAFC2 /* String+OrEmpty.swift in Sources */,
				FCA1D61D22A850C100D33EF5 /* LayoutAnchor.swift in Sources */,
				FC0EB6E522A83BAD00BFAFC2 /* Router.swift in Sources */,
				FCA1D62F22A8890500D33EF5 /* APIResponse.swift in Sources */,
				FC62B93622A8A5FA00A03D08 /* DecodableModel+JSONDecoder.swift in Sources */,
				FC5F9FDB22A7F69300598548 /* ExpensifyAppCoordinator.swift in Sources */,
				FC0EB6D522A8102A00BFAFC2 /* RESTComponent.swift in Sources */,
				FCA1D61E22A850C100D33EF5 /* LayoutProperty.swift in Sources */,
				FCA1D62022A850E900D33EF5 /* UIView+Constraints.swift in Sources */,
				FC0EB6E922A84A8700BFAFC2 /* HTTPMethod.swift in Sources */,
				FC62B94422A8C7A600A03D08 /* RefreshControl.swift in Sources */,
				FC55F7A622A9C2690066D3E5 /* CreateTransactionParams.swift in Sources */,
				FC62B94622A8C84300A03D08 /* RefreshControlHoldable.swift in Sources */,
				FC55F79A22A9A6140066D3E5 /* CreateTransactionViewCoordinator.swift in Sources */,
				FC0EB6DD22A81A0100BFAFC2 /* Constants.swift in Sources */,
				FC55F7AA22A9E46D0066D3E5 /* NotificationName+Ext.swift in Sources */,
				FC55F7A022A9A6140066D3E5 /* TransactionListViewCoorinator.swift in Sources */,
				FC0EB6D122A802F400BFAFC2 /* Reusable.swift in Sources */,
				FC89987522A8933D0071EA3B /* LoadingDisplayable.swift in Sources */,
				FC0EB6D022A802F400BFAFC2 /* InitConfigurable.swift in Sources */,
				FC55F7A422A9C2170066D3E5 /* TransactionParams.swift in Sources */,
				FC7E354E22A98725008C8646 /* NumberFormatter+Ext.swift in Sources */,
				FC62B94022A8B97D00A03D08 /* AttributedStringBuilder.swift in Sources */,
				FC89987322A88EEB0071EA3B /* AlertDisplayable.swift in Sources */,
				FC5F9FD922A7F65400598548 /* AppDelegate.swift in Sources */,
				FC55F7A122A9A6140066D3E5 /* TransactionListDatasource.swift in Sources */,
				FC0EB6D722A8117600BFAFC2 /* URLProducer.swift in Sources */,
				FC7E355022A9875D008C8646 /* CurrencyCode.swift in Sources */,
				FCA1D62222A850F600D33EF5 /* UIViewController+SafeAreaConstraints.swift in Sources */,
				FC0EB6EB22A84D5E00BFAFC2 /* NetworkError.swift in Sources */,
				FC55F7A222A9A6140066D3E5 /* TransactionListViewController.swift in Sources */,
				FC7E354C22A95E47008C8646 /* String+Truncate.swift in Sources */,
				FCA1D62B22A8773E00D33EF5 /* Credentials.swift in Sources */,
				FC62B93C22A8B32E00A03D08 /* GenericTableViewDatasource.swift in Sources */,
				FC0EB6D322A8056600BFAFC2 /* AddableAndRemovable.swift in Sources */,
				FC62B93822A8AE1C00A03D08 /* URLQueryItem+RemoveNilValues.swift in Sources */,
				FC989D5922A7F2CB0066310C /* SignInViewController.swift in Sources */,
				FC0EB6E322A83AA400BFAFC2 /* NetworkRouter.swift in Sources */,
				FC55F79922A9A6140066D3E5 /* CreateTransactionViewController.swift in Sources */,
				FC62B94222A8C78500A03D08 /* UITableView+Ext.swift in Sources */,
				FC0EB6E122A8270800BFAFC2 /* Int+Ext.swift in Sources */,
				FC0EB6F022A84F1900BFAFC2 /* TransactionPayload.swift in Sources */,
			);
			runOnlyForDeploymentPostprocessing = 0;
		};
		FC989D6322A7F2DE0066310C /* Sources */ = {
			isa = PBXSourcesBuildPhase;
			buildActionMask = 2147483647;
			files = (
				FC989D6C22A7F2DE0066310C /* ExpensifyCodingTestTests.swift in Sources */,
			);
			runOnlyForDeploymentPostprocessing = 0;
		};
/* End PBXSourcesBuildPhase section */

/* Begin PBXTargetDependency section */
		FC989D6922A7F2DE0066310C /* PBXTargetDependency */ = {
			isa = PBXTargetDependency;
			target = FC989D5222A7F2CA0066310C /* ExpensifyCodingTest */;
			targetProxy = FC989D6822A7F2DE0066310C /* PBXContainerItemProxy */;
		};
/* End PBXTargetDependency section */

/* Begin PBXVariantGroup section */
		FCA1D62322A86E0B00D33EF5 /* LaunchScreen.storyboard */ = {
			isa = PBXVariantGroup;
			children = (
				FCA1D62422A86E0B00D33EF5 /* Base */,
			);
			name = LaunchScreen.storyboard;
			sourceTree = "<group>";
		};
/* End PBXVariantGroup section */

/* Begin XCBuildConfiguration section */
		FC989D6E22A7F2DE0066310C /* Debug */ = {
			isa = XCBuildConfiguration;
			buildSettings = {
				ALWAYS_SEARCH_USER_PATHS = NO;
				CLANG_ANALYZER_NONNULL = YES;
				CLANG_ANALYZER_NUMBER_OBJECT_CONVERSION = YES_AGGRESSIVE;
				CLANG_CXX_LANGUAGE_STANDARD = "gnu++14";
				CLANG_CXX_LIBRARY = "libc++";
				CLANG_ENABLE_MODULES = YES;
				CLANG_ENABLE_OBJC_ARC = YES;
				CLANG_ENABLE_OBJC_WEAK = YES;
				CLANG_WARN_BLOCK_CAPTURE_AUTORELEASING = YES;
				CLANG_WARN_BOOL_CONVERSION = YES;
				CLANG_WARN_COMMA = YES;
				CLANG_WARN_CONSTANT_CONVERSION = YES;
				CLANG_WARN_DEPRECATED_OBJC_IMPLEMENTATIONS = YES;
				CLANG_WARN_DIRECT_OBJC_ISA_USAGE = YES_ERROR;
				CLANG_WARN_DOCUMENTATION_COMMENTS = YES;
				CLANG_WARN_EMPTY_BODY = YES;
				CLANG_WARN_ENUM_CONVERSION = YES;
				CLANG_WARN_INFINITE_RECURSION = YES;
				CLANG_WARN_INT_CONVERSION = YES;
				CLANG_WARN_NON_LITERAL_NULL_CONVERSION = YES;
				CLANG_WARN_OBJC_IMPLICIT_RETAIN_SELF = YES;
				CLANG_WARN_OBJC_LITERAL_CONVERSION = YES;
				CLANG_WARN_OBJC_ROOT_CLASS = YES_ERROR;
				CLANG_WARN_RANGE_LOOP_ANALYSIS = YES;
				CLANG_WARN_STRICT_PROTOTYPES = YES;
				CLANG_WARN_SUSPICIOUS_MOVE = YES;
				CLANG_WARN_UNGUARDED_AVAILABILITY = YES_AGGRESSIVE;
				CLANG_WARN_UNREACHABLE_CODE = YES;
				CLANG_WARN__DUPLICATE_METHOD_MATCH = YES;
				CODE_SIGN_IDENTITY = "iPhone Developer";
				COPY_PHASE_STRIP = NO;
				DEBUG_INFORMATION_FORMAT = dwarf;
				ENABLE_STRICT_OBJC_MSGSEND = YES;
				ENABLE_TESTABILITY = YES;
				GCC_C_LANGUAGE_STANDARD = gnu11;
				GCC_DYNAMIC_NO_PIC = NO;
				GCC_NO_COMMON_BLOCKS = YES;
				GCC_OPTIMIZATION_LEVEL = 0;
				GCC_PREPROCESSOR_DEFINITIONS = (
					"DEBUG=1",
					"$(inherited)",
				);
				GCC_WARN_64_TO_32_BIT_CONVERSION = YES;
				GCC_WARN_ABOUT_RETURN_TYPE = YES_ERROR;
				GCC_WARN_UNDECLARED_SELECTOR = YES;
				GCC_WARN_UNINITIALIZED_AUTOS = YES_AGGRESSIVE;
				GCC_WARN_UNUSED_FUNCTION = YES;
				GCC_WARN_UNUSED_VARIABLE = YES;
				IPHONEOS_DEPLOYMENT_TARGET = 12.2;
				MTL_ENABLE_DEBUG_INFO = INCLUDE_SOURCE;
				MTL_FAST_MATH = YES;
				ONLY_ACTIVE_ARCH = YES;
				SDKROOT = iphoneos;
				SWIFT_ACTIVE_COMPILATION_CONDITIONS = DEBUG;
				SWIFT_OPTIMIZATION_LEVEL = "-Onone";
			};
			name = Debug;
		};
		FC989D6F22A7F2DE0066310C /* Release */ = {
			isa = XCBuildConfiguration;
			buildSettings = {
				ALWAYS_SEARCH_USER_PATHS = NO;
				CLANG_ANALYZER_NONNULL = YES;
				CLANG_ANALYZER_NUMBER_OBJECT_CONVERSION = YES_AGGRESSIVE;
				CLANG_CXX_LANGUAGE_STANDARD = "gnu++14";
				CLANG_CXX_LIBRARY = "libc++";
				CLANG_ENABLE_MODULES = YES;
				CLANG_ENABLE_OBJC_ARC = YES;
				CLANG_ENABLE_OBJC_WEAK = YES;
				CLANG_WARN_BLOCK_CAPTURE_AUTORELEASING = YES;
				CLANG_WARN_BOOL_CONVERSION = YES;
				CLANG_WARN_COMMA = YES;
				CLANG_WARN_CONSTANT_CONVERSION = YES;
				CLANG_WARN_DEPRECATED_OBJC_IMPLEMENTATIONS = YES;
				CLANG_WARN_DIRECT_OBJC_ISA_USAGE = YES_ERROR;
				CLANG_WARN_DOCUMENTATION_COMMENTS = YES;
				CLANG_WARN_EMPTY_BODY = YES;
				CLANG_WARN_ENUM_CONVERSION = YES;
				CLANG_WARN_INFINITE_RECURSION = YES;
				CLANG_WARN_INT_CONVERSION = YES;
				CLANG_WARN_NON_LITERAL_NULL_CONVERSION = YES;
				CLANG_WARN_OBJC_IMPLICIT_RETAIN_SELF = YES;
				CLANG_WARN_OBJC_LITERAL_CONVERSION = YES;
				CLANG_WARN_OBJC_ROOT_CLASS = YES_ERROR;
				CLANG_WARN_RANGE_LOOP_ANALYSIS = YES;
				CLANG_WARN_STRICT_PROTOTYPES = YES;
				CLANG_WARN_SUSPICIOUS_MOVE = YES;
				CLANG_WARN_UNGUARDED_AVAILABILITY = YES_AGGRESSIVE;
				CLANG_WARN_UNREACHABLE_CODE = YES;
				CLANG_WARN__DUPLICATE_METHOD_MATCH = YES;
				CODE_SIGN_IDENTITY = "iPhone Developer";
				COPY_PHASE_STRIP = NO;
				DEBUG_INFORMATION_FORMAT = "dwarf-with-dsym";
				ENABLE_NS_ASSERTIONS = NO;
				ENABLE_STRICT_OBJC_MSGSEND = YES;
				GCC_C_LANGUAGE_STANDARD = gnu11;
				GCC_NO_COMMON_BLOCKS = YES;
				GCC_WARN_64_TO_32_BIT_CONVERSION = YES;
				GCC_WARN_ABOUT_RETURN_TYPE = YES_ERROR;
				GCC_WARN_UNDECLARED_SELECTOR = YES;
				GCC_WARN_UNINITIALIZED_AUTOS = YES_AGGRESSIVE;
				GCC_WARN_UNUSED_FUNCTION = YES;
				GCC_WARN_UNUSED_VARIABLE = YES;
				IPHONEOS_DEPLOYMENT_TARGET = 12.2;
				MTL_ENABLE_DEBUG_INFO = NO;
				MTL_FAST_MATH = YES;
				SDKROOT = iphoneos;
				SWIFT_COMPILATION_MODE = wholemodule;
				SWIFT_OPTIMIZATION_LEVEL = "-O";
				VALIDATE_PRODUCT = YES;
			};
			name = Release;
		};
		FC989D7122A7F2DE0066310C /* Debug */ = {
			isa = XCBuildConfiguration;
			baseConfigurationReference = 7A609C69DB778A2F22719744 /* Pods-ExpensifyCodingTest.debug.xcconfig */;
			buildSettings = {
				ASSETCATALOG_COMPILER_APPICON_NAME = AppIcon;
				CODE_SIGN_STYLE = Automatic;
				DEVELOPMENT_TEAM = CG9RTC2HJD;
				INFOPLIST_FILE = "$(SRCROOT)/ExpensifyCodingTest/Resources/Info.plist";
				IPHONEOS_DEPLOYMENT_TARGET = 10.0;
				LD_RUNPATH_SEARCH_PATHS = (
					"$(inherited)",
					"@executable_path/Frameworks",
				);
				PRODUCT_BUNDLE_IDENTIFIER = com.codingtest.ExpensifyCodingTest;
				PRODUCT_NAME = "$(TARGET_NAME)";
				SWIFT_VERSION = 5.0;
				TARGETED_DEVICE_FAMILY = "1,2";
			};
			name = Debug;
		};
		FC989D7222A7F2DE0066310C /* Release */ = {
			isa = XCBuildConfiguration;
			baseConfigurationReference = D6F4FE0FC6F37888D31ACC02 /* Pods-ExpensifyCodingTest.release.xcconfig */;
			buildSettings = {
				ASSETCATALOG_COMPILER_APPICON_NAME = AppIcon;
				CODE_SIGN_STYLE = Automatic;
				DEVELOPMENT_TEAM = CG9RTC2HJD;
				INFOPLIST_FILE = "$(SRCROOT)/ExpensifyCodingTest/Resources/Info.plist";
				IPHONEOS_DEPLOYMENT_TARGET = 10.0;
				LD_RUNPATH_SEARCH_PATHS = (
					"$(inherited)",
					"@executable_path/Frameworks",
				);
				PRODUCT_BUNDLE_IDENTIFIER = com.codingtest.ExpensifyCodingTest;
				PRODUCT_NAME = "$(TARGET_NAME)";
				SWIFT_VERSION = 5.0;
				TARGETED_DEVICE_FAMILY = "1,2";
			};
			name = Release;
		};
		FC989D7422A7F2DE0066310C /* Debug */ = {
			isa = XCBuildConfiguration;
			baseConfigurationReference = C5B6B0AA03098EB28FA0121D /* Pods-ExpensifyCodingTestTests.debug.xcconfig */;
			buildSettings = {
				ALWAYS_EMBED_SWIFT_STANDARD_LIBRARIES = YES;
				BUNDLE_LOADER = "$(TEST_HOST)";
				CODE_SIGN_STYLE = Automatic;
				DEVELOPMENT_TEAM = CG9RTC2HJD;
				INFOPLIST_FILE = ExpensifyCodingTestTests/Info.plist;
				LD_RUNPATH_SEARCH_PATHS = (
					"$(inherited)",
					"@executable_path/Frameworks",
					"@loader_path/Frameworks",
				);
				PRODUCT_BUNDLE_IDENTIFIER = com.codingtest.ExpensifyCodingTestTests;
				PRODUCT_NAME = "$(TARGET_NAME)";
				SWIFT_VERSION = 5.0;
				TARGETED_DEVICE_FAMILY = "1,2";
				TEST_HOST = "$(BUILT_PRODUCTS_DIR)/ExpensifyCodingTest.app/ExpensifyCodingTest";
			};
			name = Debug;
		};
		FC989D7522A7F2DE0066310C /* Release */ = {
			isa = XCBuildConfiguration;
			baseConfigurationReference = 17DD0CAE923B984C221440BA /* Pods-ExpensifyCodingTestTests.release.xcconfig */;
			buildSettings = {
				ALWAYS_EMBED_SWIFT_STANDARD_LIBRARIES = YES;
				BUNDLE_LOADER = "$(TEST_HOST)";
				CODE_SIGN_STYLE = Automatic;
				DEVELOPMENT_TEAM = CG9RTC2HJD;
				INFOPLIST_FILE = ExpensifyCodingTestTests/Info.plist;
				LD_RUNPATH_SEARCH_PATHS = (
					"$(inherited)",
					"@executable_path/Frameworks",
					"@loader_path/Frameworks",
				);
				PRODUCT_BUNDLE_IDENTIFIER = com.codingtest.ExpensifyCodingTestTests;
				PRODUCT_NAME = "$(TARGET_NAME)";
				SWIFT_VERSION = 5.0;
				TARGETED_DEVICE_FAMILY = "1,2";
				TEST_HOST = "$(BUILT_PRODUCTS_DIR)/ExpensifyCodingTest.app/ExpensifyCodingTest";
			};
			name = Release;
		};
/* End XCBuildConfiguration section */

/* Begin XCConfigurationList section */
		FC989D4E22A7F2CA0066310C /* Build configuration list for PBXProject "ExpensifyCodingTest" */ = {
			isa = XCConfigurationList;
			buildConfigurations = (
				FC989D6E22A7F2DE0066310C /* Debug */,
				FC989D6F22A7F2DE0066310C /* Release */,
			);
			defaultConfigurationIsVisible = 0;
			defaultConfigurationName = Release;
		};
		FC989D7022A7F2DE0066310C /* Build configuration list for PBXNativeTarget "ExpensifyCodingTest" */ = {
			isa = XCConfigurationList;
			buildConfigurations = (
				FC989D7122A7F2DE0066310C /* Debug */,
				FC989D7222A7F2DE0066310C /* Release */,
			);
			defaultConfigurationIsVisible = 0;
			defaultConfigurationName = Release;
		};
		FC989D7322A7F2DE0066310C /* Build configuration list for PBXNativeTarget "ExpensifyCodingTestTests" */ = {
			isa = XCConfigurationList;
			buildConfigurations = (
				FC989D7422A7F2DE0066310C /* Debug */,
				FC989D7522A7F2DE0066310C /* Release */,
			);
			defaultConfigurationIsVisible = 0;
			defaultConfigurationName = Release;
		};
/* End XCConfigurationList section */
	};
	rootObject = FC989D4B22A7F2CA0066310C /* Project object */;
}
